
Microsoft Visual Studio Solution File, Format Version 12.00
# Visual Studio Version 16
VisualStudioVersion = 16.0.30309.148
MinimumVisualStudioVersion = 10.0.40219.1
Project("{FAE04EC0-301F-11D3-BF4B-00C04F79EFBC}") = "Snap", "Snap\Snap.csproj", "{B470D234-8683-4283-A265-79E2FFE66B4D}"
EndProject
Project("{FAE04EC0-301F-11D3-BF4B-00C04F79EFBC}") = "Snap.Test", "Snap.Test\Snap.Test.csproj", "{E7EEE63F-6721-43E1-96F3-5B978A365BD3}"
EndProject
Global
	GlobalSection(SolutionConfigurationPlatforms) = preSolution
		Debug|Any CPU = Debug|Any CPU
		Release|Any CPU = Release|Any CPU
	EndGlobalSection
	GlobalSection(ProjectConfigurationPlatforms) = postSolution
		{B470D234-8683-4283-A265-79E2FFE66B4D}.Debug|Any CPU.ActiveCfg = Debug|Any CPU
		{B470D234-8683-4283-A265-79E2FFE66B4D}.Debug|Any CPU.Build.0 = Debug|Any CPU
		{B470D234-8683-4283-A265-79E2FFE66B4D}.Release|Any CPU.ActiveCfg = Release|Any CPU
		{B470D234-8683-4283-A265-79E2FFE66B4D}.Release|Any CPU.Build.0 = Release|Any CPU
		{E7EEE63F-6721-43E1-96F3-5B978A365BD3}.Debug|Any CPU.ActiveCfg = Debug|Any CPU
		{E7EEE63F-6721-43E1-96F3-5B978A365BD3}.Debug|Any CPU.Build.0 = Debug|Any CPU
		{E7EEE63F-6721-43E1-96F3-5B978A365BD3}.Release|Any CPU.ActiveCfg = Release|Any CPU
		{E7EEE63F-6721-43E1-96F3-5B978A365BD3}.Release|Any CPU.Build.0 = Release|Any CPU
	EndGlobalSection
	GlobalSection(SolutionProperties) = preSolution
		HideSolutionNode = FALSE
	EndGlobalSection
	GlobalSection(ExtensibilityGlobals) = postSolution
		SolutionGuid = {9FE2C336-AC97-402B-B7B7-313ED1954BC7}
	EndGlobalSection
EndGlobal
